
Microsoft Visual Studio Solution File, Format Version 12.00
# Visual Studio Version 17
VisualStudioVersion = 17.2.32526.322
MinimumVisualStudioVersion = 10.0.40219.1
Project("{FAE04EC0-301F-11D3-BF4B-00C04F79EFBC}") = "FunctionsAppSample", "FunctionsAppSample\FunctionsAppSample.csproj", "{3BD2469B-0D26-48D6-93AC-E8C200043288}"
EndProject
Project("{FAE04EC0-301F-11D3-BF4B-00C04F79EFBC}") = "TestProject", "TestProject\TestProject.csproj", "{82EE2249-5695-4B83-A3E2-6DDD3527D3B3}"
EndProject
Global
	GlobalSection(SolutionConfigurationPlatforms) = preSolution
		Debug|Any CPU = Debug|Any CPU
		Release|Any CPU = Release|Any CPU
	EndGlobalSection
	GlobalSection(ProjectConfigurationPlatforms) = postSolution
		{3BD2469B-0D26-48D6-93AC-E8C200043288}.Debug|Any CPU.ActiveCfg = Debug|Any CPU
		{3BD2469B-0D26-48D6-93AC-E8C200043288}.Debug|Any CPU.Build.0 = Debug|Any CPU
		{3BD2469B-0D26-48D6-93AC-E8C200043288}.Release|Any CPU.ActiveCfg = Release|Any CPU
		{3BD2469B-0D26-48D6-93AC-E8C200043288}.Release|Any CPU.Build.0 = Release|Any CPU
		{82EE2249-5695-4B83-A3E2-6DDD3527D3B3}.Debug|Any CPU.ActiveCfg = Debug|Any CPU
		{82EE2249-5695-4B83-A3E2-6DDD3527D3B3}.Debug|Any CPU.Build.0 = Debug|Any CPU
		{82EE2249-5695-4B83-A3E2-6DDD3527D3B3}.Release|Any CPU.ActiveCfg = Release|Any CPU
		{82EE2249-5695-4B83-A3E2-6DDD3527D3B3}.Release|Any CPU.Build.0 = Release|Any CPU
	EndGlobalSection
	GlobalSection(SolutionProperties) = preSolution
		HideSolutionNode = FALSE
	EndGlobalSection
	GlobalSection(ExtensibilityGlobals) = postSolution
		SolutionGuid = {CD535DCA-5D85-43EC-96A2-3FE3D6FD6BEE}
	EndGlobalSection
EndGlobal
